
Microsoft Visual Studio Solution File, Format Version 12.00
# Visual Studio 15
VisualStudioVersion = 15.0.27703.2026
MinimumVisualStudioVersion = 10.0.40219.1
Project("{FAE04EC0-301F-11D3-BF4B-00C04F79EFBC}") = "Strategy Pattern", "Strategy Pattern\Strategy Pattern.csproj", "{8A22CE1A-3DE3-4ADD-BFA9-6FFEB867EDA3}"
EndProject
Project("{FAE04EC0-301F-11D3-BF4B-00C04F79EFBC}") = "Observer Pattern", "Observer Pattern\Observer Pattern.csproj", "{7E1D8F01-E84D-4F97-A47F-A11ECDEA4BD3}"
EndProject
Project("{9A19103F-16F7-4668-BE54-9A1E7A4F7556}") = "DesignPatternsConsole", "DesignPatternsConsole\DesignPatternsConsole.csproj", "{3B38291B-DC03-4C11-B1C1-B4EB13B73627}"
EndProject
Project("{FAE04EC0-301F-11D3-BF4B-00C04F79EFBC}") = "Decorator Pattern", "Decorator Pattern\Decorator Pattern.csproj", "{952B93B1-20F8-46CA-B9A3-6993B856AA94}"
EndProject
Global
	GlobalSection(SolutionConfigurationPlatforms) = preSolution
		Debug|Any CPU = Debug|Any CPU
		Release|Any CPU = Release|Any CPU
	EndGlobalSection
	GlobalSection(ProjectConfigurationPlatforms) = postSolution
		{8A22CE1A-3DE3-4ADD-BFA9-6FFEB867EDA3}.Debug|Any CPU.ActiveCfg = Debug|Any CPU
		{8A22CE1A-3DE3-4ADD-BFA9-6FFEB867EDA3}.Debug|Any CPU.Build.0 = Debug|Any CPU
		{8A22CE1A-3DE3-4ADD-BFA9-6FFEB867EDA3}.Release|Any CPU.ActiveCfg = Release|Any CPU
		{8A22CE1A-3DE3-4ADD-BFA9-6FFEB867EDA3}.Release|Any CPU.Build.0 = Release|Any CPU
		{7E1D8F01-E84D-4F97-A47F-A11ECDEA4BD3}.Debug|Any CPU.ActiveCfg = Debug|Any CPU
		{7E1D8F01-E84D-4F97-A47F-A11ECDEA4BD3}.Debug|Any CPU.Build.0 = Debug|Any CPU
		{7E1D8F01-E84D-4F97-A47F-A11ECDEA4BD3}.Release|Any CPU.ActiveCfg = Release|Any CPU
		{7E1D8F01-E84D-4F97-A47F-A11ECDEA4BD3}.Release|Any CPU.Build.0 = Release|Any CPU
		{3B38291B-DC03-4C11-B1C1-B4EB13B73627}.Debug|Any CPU.ActiveCfg = Debug|Any CPU
		{3B38291B-DC03-4C11-B1C1-B4EB13B73627}.Debug|Any CPU.Build.0 = Debug|Any CPU
		{3B38291B-DC03-4C11-B1C1-B4EB13B73627}.Release|Any CPU.ActiveCfg = Release|Any CPU
		{3B38291B-DC03-4C11-B1C1-B4EB13B73627}.Release|Any CPU.Build.0 = Release|Any CPU
		{952B93B1-20F8-46CA-B9A3-6993B856AA94}.Debug|Any CPU.ActiveCfg = Debug|Any CPU
		{952B93B1-20F8-46CA-B9A3-6993B856AA94}.Debug|Any CPU.Build.0 = Debug|Any CPU
		{952B93B1-20F8-46CA-B9A3-6993B856AA94}.Release|Any CPU.ActiveCfg = Release|Any CPU
		{952B93B1-20F8-46CA-B9A3-6993B856AA94}.Release|Any CPU.Build.0 = Release|Any CPU
	EndGlobalSection
	GlobalSection(SolutionProperties) = preSolution
		HideSolutionNode = FALSE
	EndGlobalSection
	GlobalSection(ExtensibilityGlobals) = postSolution
		SolutionGuid = {11A68776-B702-467B-AD5E-4E1697D4E62E}
	EndGlobalSection
EndGlobal
